
Microsoft Visual Studio Solution File, Format Version 12.00
# Visual Studio Version 16
VisualStudioVersion = 16.0.31313.79
MinimumVisualStudioVersion = 10.0.40219.1
Project("{9A19103F-16F7-4668-BE54-9A1E7A4F7556}") = "apiProductor", "apiProductor\apiProductor.csproj", "{349844B2-7205-49F3-B33E-8CE371A6A0DC}"
EndProject
Project("{FAE04EC0-301F-11D3-BF4B-00C04F79EFBC}") = "formRecognizerConsole", "formRecognizerConsole\formRecognizerConsole.csproj", "{4D4E5E76-9360-4930-AE7C-F40B691989D1}"
EndProject
Project("{9A19103F-16F7-4668-BE54-9A1E7A4F7556}") = "fncConsumidor", "fncConsumidor\fncConsumidor.csproj", "{A3537BCC-6969-43EE-B3A0-ED43D91DD3E7}"
EndProject
Project("{FAE04EC0-301F-11D3-BF4B-00C04F79EFBC}") = "functionFormRecognizer", "functionFormRecognizer\functionFormRecognizer.csproj", "{A316E4CC-BDCD-4406-B11E-2E2AA7666D65}"
EndProject
Global
	GlobalSection(SolutionConfigurationPlatforms) = preSolution
		Debug|Any CPU = Debug|Any CPU
		Release|Any CPU = Release|Any CPU
	EndGlobalSection
	GlobalSection(ProjectConfigurationPlatforms) = postSolution
		{349844B2-7205-49F3-B33E-8CE371A6A0DC}.Debug|Any CPU.ActiveCfg = Debug|Any CPU
		{349844B2-7205-49F3-B33E-8CE371A6A0DC}.Debug|Any CPU.Build.0 = Debug|Any CPU
		{349844B2-7205-49F3-B33E-8CE371A6A0DC}.Release|Any CPU.ActiveCfg = Release|Any CPU
		{349844B2-7205-49F3-B33E-8CE371A6A0DC}.Release|Any CPU.Build.0 = Release|Any CPU
		{4D4E5E76-9360-4930-AE7C-F40B691989D1}.Debug|Any CPU.ActiveCfg = Debug|Any CPU
		{4D4E5E76-9360-4930-AE7C-F40B691989D1}.Debug|Any CPU.Build.0 = Debug|Any CPU
		{4D4E5E76-9360-4930-AE7C-F40B691989D1}.Release|Any CPU.ActiveCfg = Release|Any CPU
		{4D4E5E76-9360-4930-AE7C-F40B691989D1}.Release|Any CPU.Build.0 = Release|Any CPU
		{A3537BCC-6969-43EE-B3A0-ED43D91DD3E7}.Debug|Any CPU.ActiveCfg = Debug|Any CPU
		{A3537BCC-6969-43EE-B3A0-ED43D91DD3E7}.Debug|Any CPU.Build.0 = Debug|Any CPU
		{A3537BCC-6969-43EE-B3A0-ED43D91DD3E7}.Release|Any CPU.ActiveCfg = Release|Any CPU
		{A3537BCC-6969-43EE-B3A0-ED43D91DD3E7}.Release|Any CPU.Build.0 = Release|Any CPU
		{A316E4CC-BDCD-4406-B11E-2E2AA7666D65}.Debug|Any CPU.ActiveCfg = Debug|Any CPU
		{A316E4CC-BDCD-4406-B11E-2E2AA7666D65}.Debug|Any CPU.Build.0 = Debug|Any CPU
		{A316E4CC-BDCD-4406-B11E-2E2AA7666D65}.Release|Any CPU.ActiveCfg = Release|Any CPU
		{A316E4CC-BDCD-4406-B11E-2E2AA7666D65}.Release|Any CPU.Build.0 = Release|Any CPU
	EndGlobalSection
	GlobalSection(SolutionProperties) = preSolution
		HideSolutionNode = FALSE
	EndGlobalSection
	GlobalSection(ExtensibilityGlobals) = postSolution
		SolutionGuid = {3C5F77CC-EF63-40A2-8960-C35F7E1B1610}
	EndGlobalSection
EndGlobal
